{
  "version": 4,
  "terraform_version": "1.7.4",
  "serial": 17,
  "lineage": "3732f102-268b-3333-5725-d0b30d57a068",
  "outputs": {},
  "resources": [
    {
      "mode": "managed",
      "type": "yandex_vpc_address",
      "name": "vpc_k8s_pub_ip",
      "provider": "provider[\"registry.terraform.io/yandex-cloud/yandex\"]",
      "instances": [
        {
          "schema_version": 0,
          "attributes": {
            "created_at": "2024-04-30T11:51:49Z",
            "deletion_protection": false,
            "description": "",
            "dns_record": [],
            "external_ipv4_address": [
              {
                "address": "178.154.202.97",
                "ddos_protection_provider": "",
                "outgoing_smtp_capability": "",
                "zone_id": "ru-central1-a"
              }
            ],
            "folder_id": "b1g89cjo0roopb2d5s14",
            "id": "e9bnbhfqmped5lru9uao",
            "labels": {},
            "name": "PUBip",
            "reserved": true,
            "timeouts": null,
            "used": false
          },
          "sensitive_attributes": [],
          "private": "eyJlMmJmYjczMC1lY2FhLTExZTYtOGY4OC0zNDM2M2JjN2M0YzAiOnsiY3JlYXRlIjozMDAwMDAwMDAwMCwiZGVsZXRlIjozMDAwMDAwMDAwMCwidXBkYXRlIjozMDAwMDAwMDAwMH19"
        }
      ]
    },
    {
      "mode": "managed",
      "type": "yandex_vpc_network",
      "name": "vpc_k8s_net",
      "provider": "provider[\"registry.terraform.io/yandex-cloud/yandex\"]",
      "instances": [
        {
          "schema_version": 0,
          "attributes": {
            "created_at": "2024-04-30T11:40:42Z",
            "default_security_group_id": "enpt03leg5sf3hhi0aoc",
            "description": "virtual network cluster k8s for ru-central1-a",
            "folder_id": "b1g89cjo0roopb2d5s14",
            "id": "enpfcdf1uofv29312lve",
            "labels": {},
            "name": "NETk8s",
            "subnet_ids": [
              "e9bvmosft9f5hq3n8tcc"
            ],
            "timeouts": null
          },
          "sensitive_attributes": [],
          "private": "eyJlMmJmYjczMC1lY2FhLTExZTYtOGY4OC0zNDM2M2JjN2M0YzAiOnsiY3JlYXRlIjo2MDAwMDAwMDAwMCwiZGVsZXRlIjo2MDAwMDAwMDAwMCwidXBkYXRlIjo2MDAwMDAwMDAwMH19"
        }
      ]
    },
    {
      "mode": "managed",
      "type": "yandex_vpc_subnet",
      "name": "vpc_k8s_sub",
      "provider": "provider[\"registry.terraform.io/yandex-cloud/yandex\"]",
      "instances": [
        {
          "schema_version": 0,
          "attributes": {
            "created_at": "2024-04-30T11:40:45Z",
            "description": "virtual subnet cluster k8s for ru-central1-a",
            "dhcp_options": [],
            "folder_id": "b1g89cjo0roopb2d5s14",
            "id": "e9bvmosft9f5hq3n8tcc",
            "labels": {},
            "name": "SUBk8s",
            "network_id": "enpfcdf1uofv29312lve",
            "route_table_id": "",
            "timeouts": null,
            "v4_cidr_blocks": [
              "192.168.1.0/28"
            ],
            "v6_cidr_blocks": [],
            "zone": "ru-central1-a"
          },
          "sensitive_attributes": [],
          "private": "eyJlMmJmYjczMC1lY2FhLTExZTYtOGY4OC0zNDM2M2JjN2M0YzAiOnsiY3JlYXRlIjoxODAwMDAwMDAwMDAsImRlbGV0ZSI6MTgwMDAwMDAwMDAwLCJ1cGRhdGUiOjE4MDAwMDAwMDAwMH19",
          "dependencies": [
            "yandex_vpc_network.vpc_k8s_net"
          ]
        }
      ]
    }
  ],
  "check_results": null
}
